github.com/golang-jwt/jwt/v5 v5.0.0 h1:tGxBWlUCrnxu8BKyXpJNo7DjkvFQhR9cSznURQR5OEU=
github.com/golang-jwt/jwt/v5 v5.0.0/go.mod h1:9ZkkWGvndIvi7UERjEmKuUszQQlotbmfnqQbuhhiCUk=

github.com/lib/pq v1.10.9 h1:XnV+Lz+VNZ+Hx1YwJ3QSOdcEZntGGlGvv0bgtaCtEds=
github.com/lib/pq v1.10.9/go.mod h1:edEPrFMOLBTmowGW0Nlh+OfnkuyiStGXrqPPK0U=

golang.org/x/crypto v0.23.0 h1:GLTRwkaIGixjLrdIPFW0zzDW3hlr/l8GESbcEqPRS/A=
golang.org/x/crypto v0.23.0/go.mod h1:F9nrCyd/+CFabQZxs8L1PSuwwxpNgJo39htwmIQYooA=
