github.com/golang-jwt/jwt/v5 v5.2.1 h1:1V1l1f0p1p6z1p1p6z1p1p6z1p1p6z1p1p6z1p1p6z1p1p6z1p1p6z1p1p6z1p1p6z1p1p6z1p1p6z1p1p6z1p1p6z1p1p6z1p1p6z1p1p6z1p1p6z1p1p6z1p1p6z1p1p6z1p1p6z1p1p6z1p1p6z1p1p6z1p1p6z1p1p6z1p1p6z1p1p6z1p1p6z1p1p6z1p1p6z1p1p6z1p1p6z1p1p6z1p1p6z1p1p6z1p1p6z1p1p6z1p1p6z1p1p6z1p1p6z1p1p6z1p1p6z1p1p6z1p1p6z1p1p6z1p1p6z1p1p6z1p1p6z1p1p6z1p1p6z1p1p6z1p1p6z1p1p6z1p1p6z1p1p6z1p1p6z1p1p6z1p1p6z1p1p6z1p1p6z1p1p6z1p1p6z1p1p6z1p1p6z1p1p6z1p1p6z1p1p6z1p1p6z1p1p6z1p1p6z1p1p6z1p1p6z1p1p6z1p1p6z1p1p6z1p1p6z1p1p6z1p1p6z1p1p6z1p1p6z1p1p6z1p1p6z1p1p6z1p1p6z1p1p6z1p1p6z1p1p6z1p1p6z1p1p6z1p1p6z1p1p6z1p1p6z1p1p6z1p1p6z1p1p6z1p1p6z1p1p6z1p1p6z1p1p6z1p1p6z1p1p6z1p1p6z1p1p6z1p1p6z1p1p6z1p1p6z1p1p6z1p1p6z1p1p6z1p1p6z1p1p6z1p1p6z1p1p6z1p1p6z1p1p6z1p1p6z1p1p6z1p1p6z1p1p6z1p1p6z1p1p6z1p1p6z1p1p6z1p1p6z1p1p6z1p1p6z1p1p6z1p1p6z1p1p6z1p1p6z1p1p6z1p1p6z1p1p6z1p1p6z1p1p6z1p1p6z1p1p6z1p1p6z1p1p6z1p1p6z1p1p6z1p1p6z1p1p6z1p1p6z1p1p6z1p1p6z1p1p6z1p1p6z1p1p6z1p1p6z1p1p6z1p1p6z1p1p6z1p1p6z1p1p6z1p1p6z1p1p6z1p1p6z1p1p6z1p1p6z1p1p6z1p1p6z1p1p6z1p1p6z1p1p6z1p1p6z1p1p6z1p1p6z1p1p6z1p1p6z1p1p6z1p1p6z1p1p6z1p1p6z1p1p6z1p1p6z1p1p6z1p1p6z1p1p6z1p1p6z1p1p6z1p1p6z1p1p6z1p1p6z1p1p6z1p1p6z1p1p6z1p1p6z1p1p6z1p1p6z1p1p6z1p1p6z1p1p6z1p1p6z1p1p6z1p1p6z1p1p6z1p1p6z1p1p6z1p1p6z1p1p6z1p1p6z1p1p6z1p1p6z1p1p6z1p1p6z1p1p6z1p1p6z1p1p6z1p1p6z1p1p6z1p1p6z1p1p6z1p1p6z1p1p6z1p1p6z1p1p6z1p1p6z1p1p6z1p1p6z1p1p6z1p1p6z1p1p6z1p1p6z1p1p6z1p1p6z1p1p6z1p1p6z1p1p6z1p1p6z1p1p6z1p1p6z1p1p6z1p1p6z1p1p6z1p1p6z1p1p6z1p1p6z1p1p6z1p1p6z1p1p6z1p1p6z1p1p6z1p1p6z1p1p6z1p1p6z1p1p6z1p1p6z1p1p6z1p1p6z1p1p6z1p1p6z1p1p6z1p1p6z1p1p6z1p1p6z1p1p6z1p1p6z1p1p6z1p1p6z1p1p6z1p1p6z1p1p6z1p1p6z1p1p6z1p1p6z1p1p6z1p1p6z1p1p6z1p1p6z1p1p6z1p1p6z1p1p6z1p1p6z1p1p6z1p1p6z1p1p6z1p1p6z1p1p6z1p1p6z1p1p6z1p1p6z1p1p6z1p1p6z1p1p6z1p1p6z1p1p6z1p1p6z1p1p6z1p1p6z1p1p6z1p1p6z1p1p6z1p1p6z1p1p6z1p1p6z1p1p6z1p1p6z1p1p6z1p1p6z1p1p6z1p1p6z1p1p6z1p1p6z1p1p6z1p1p6z1p1p6z1p1p6z1p1p6z1p1p6z1p1p6z1p1p6z1p1p6z1p1p6z1p1p6z1p1p6z1p1p6z1p1p6z1p1p6z1p1p6z1p1p6z1p1p6z1p1p6z1p1p6z1p1p6z1p1p6z1p1p6z1p1p6z1p1p6z1p1p6z1p1p6z1p1p6z1p1p6z1p1p6z1p1p6z1p1p6z1p1p6z1p1p6z1p1p6z1p1p6z1p1p6z1p1p6z1p1p6z1p1p6z1p1p6z1p1p6z1p1p6z1p1p6z1p1p6z1p1p6z1p1p6z1p1p6z1p1p6z1p1p6z1p1p6z1p1p6z1p1p6z1p1p6z1p1p6z1p1p6z1p1p6z1p1p6z1p1p6z1p1p6z1p1p6z1p1p6z1p1p6z1p1p6z1p1p6z1p1p6z1p1p6z1p1p6z1p1p6z1p1p6z1p1p6z1p1p6z1p1p6z1p1p6z1p1p6z1p1p6z1p1p6z1p1p6z1p1p6z1p1p6z1p1p6z1p1p6z1p1p6z1p1p6z1p1p6z1p1p6z1p1p6z1p1p6z1p1p6z1p1p6z1p1p6z1p1p6z1p1p6z1p1p6z1p1p6z1p1p6z1p1p6z1p1p6z1p1p6z1p1p6z1p1p6z1p1p6z1p1p6z1p1p6z1p1p6z1p1p6z1p1p6z1p1p6z1p1p6z1p1p6z1p1p6z1p1p6z1p1p6z1p1p6z1p1p6z1p1p6z1p1p6z1p1p6z1p1p6z1p1p6z1p1p6z1p1p6z1p1p6z1p1p6z1p1p6z1p1p6z1p1p6z1p1p6z1p1p6z1p1p6z1p1p6z1p1p6z1p1p6z1p1p6z1p1p6z1p1p6z1p1p6z1p1p6z1p1p6z1p1p6z1p1p6z1p1p6z1p1p6z1p1p6z1p1p6z1p1p6z1p1p6z1p1p6z1p1p6z1p1p6z1p1p6z1p1p6z1p1p6z1p1p6z1p1p6z1p1p6z1p1p6z1p1p6z1p1p6z1p1p6z1p1p6z1p1p6z1p1p6z1p1p6z1p1p6z1p1p6z1p1p6z1p1p6z1p1p6z1p1p6z1p1p6z1p1p6z1p1p6z1p1p6z1p1p6z1p1p6z1p1p6z1p1p6z1p1p6z1p1p6z1p1p6z1p1p6z1p1p6z1p1p6z1p1p6z1p1p6z1p1p6z1p1p6z1p1p6z1p1p6z1p1p6z1p1p6z1p1p6z1p1p6z1p1p6z1p1p6z1p1p6z1p1p6z1p1p6z1p1p6z1p1p6z1p1p6z1p1p6z1p1p6z1p1p6z1p1p6z1p1p6z1p1p6z1p1p6z1p1p6z1p1p6z1p1p6z1p1p6z1p1p6z1p1p6z1p1p6z1p1p6z1p1p6z1p1p6z1p1p6z1p1p6z1p1p6z1p1p6z1p1p6z1p1p6z1p1p6z1p1p6z1p1p6z1p1p6z1p1p6z1p1p6z1p1p6z1p1p6z1p1p6z1p1p6z1p1p6z1p1p6z1p1p6z1p1p6z1p1p6z1p1p6z1p1p6z1p1p6z1p1p6z1p1p6z1p1p6z1p1p6z1p1p6z1p1p6z1p1p6z1p1p6z1p1p6z1p1p6z1p1p6z1p1p6z1p1p6z1p1p6z1p1p6z1p1p6z1p1p6z1p1p6z1p1p6z1p1p6z1p1p6z1p1p6z1p1p6z1p1p6z1p1p6z1p1p6z1p1p6z1p1p6z1p1p6z1p1p6z1p1p6z1p1p6z1p1p6z1p1p6z1p1p6z1p1p6z1p1p6z1p1p6z1p1p6z1p1p6z1p1p6z1p1p6z1p1p6z1p1p6z1p1p6z1p1p6z1p1p6z1p1p6z1p1p6z1p1p6z1p1p6z1p1p6z1p1p6z1p1p6z1p1p6z1p1p6z1p1p6z1p1p6z1p1p6z1p1p6z1p1p6z1p1p6z1p1p6z1p1p6z1p1p6z1p1p6z1p1p6z1p1p6z1p1p6z1p1p6z1p1p6z1p1p6z1p1p6z1p1p6z1p1p6z1p1p6z1p1p6z1p1p6z1p1p6z1p1p6z1p1p6z1p1p6z1p1p6z1p1p6z1p1p6z1p1p6z1p1p6z1p1p6z1p1p6z1p1p6z1p1p6z1p1p6z1p1p6z1p1p6z1p1p6z1p1p6z1p1p6z1p1p6z1p1p6z1p1p6z1p1p6z1p1p6z1p1p6z1p1p6z1p1p6z1p1p6z1p1p6z1p1p6z1p1p6z1p1p6z1p1p6z1p1p6z1p1p6z1p1p6z1p1p6z1p1p6z1p1p6z1p1p6z1p1p6z1p1p6z1p1p6z1p1p6z1p1p6z1p1p6z1p1p6z1p1p6z1p1p6z1p1p6z1p1p6z1p1p6z1p1p6z1p1p6z1p1p6z1p1p6z1p1p6z1p1p6z1p1p6z1p1p6z1p1p6z1p1p6z1p1p6z1p1p6z1p1p6z1p1p6z1p1p6z1p1p6z1p1p6z1p1p6z1p1p6z1p1p6z1p1p6z1p1p6z1p1p6z1p1p6z1p1p6z1p1p6z1p1p6z1p1p6z1p1p6z1p1p6z1p1p6z1p1p6z1p1p6z1p1p6z1p1p6z1p1p6z1p1p6z1p1p6z1p1p6z1p1p6z1p1p6z1p1p6z1p1p6z1p1p6z1p1p6z1p1p6z1p1p6z1p1p6z1p1p6z1p1p6z1p1p6z1p1p6z1p1p6z1p1p6z1p1p6z1p1p6z1p1p6z1p1p6z1p1p6z1p1p6z1p1p6z1p1p6z1p1p6z1p1p6z1p1p6z1p1p6z1p1p6z1p1p6z1p1p6z1p1p6z1p1p6z1p1p6z1p1p6z1p1p6z1p1p6z1p1p6z1p1p6z1p1p6z1p1p6z1p1p6z1p1p6z1p1p6z1p1p6z1p1p6z1p1p6z1p1p6z1p1p6z1p1p6z1p1p6z1p1p6z1p1p6z1p1p6z1p1p6z1p1p6z1p1p6z1p1p6z1p1p6z1p1p6z1p1p6z1p1p6z1p1p6z1p1p6z1p1p6z1p1p6z1p1p6z1p1p6z1p1p6z1p1p6z1p1p6z1p1p6z1p1p6z1p1p6z1p1p6z1p1p6z1p1p6z1p1p6z1p1p6z1p1p6z1p1p6z1p1p6z1p1p6z1p1p6z1p1p6z1p1p6z1p1p6z1p1p6z1p1p6z1p1p6z1p1p6z1p1p6z1p1p6z1p1p6z1p1p6z1p1p6z1p1p6z1p1p6z1p1p6z1p1p6z1p1p6z1p1p6z1p1p6z1p1p6z1p1p6z1p1p6z1p1p6z1p1p6z1p1p6z1p1p6z1p1p6z1p1p6z1p1p6z1p1p6z1p1p6z1p1p6z1p1p6z1p1p6z1p1p6z1p1p6z1p1p6z1p1p6z1p1p6z1p1p6z1p1p6z1p1p6z1p1p6z1p1p6z1p1p6z1p1p6z1p1p6z1p1p6z1p1p6z1p1p6z1p1p6z1p1p6z1p1p6z1p1p6z1p1p6z1p1p6z1p1p6z1p1p6z1p1p6z1p1p6z1p1p6z1p1p6z1p1p6z1p1p6z1p1p6z1p1p6z1p1p6z1p1p6z1p1p6z1p1p6z1p1p6z1p1p6z1p1p6z1p1p6z1p1p6z1p1p6z1p1p6z1p1p6z1p1p6z1p1p6z1p1p6z1p1p6z1p1p6z1p1p6z1p1p6z1p1p6z1p1p6z1p1
