github.com/golang-jwt/jwt/v5 v5.2.1 h1:OuVbFODueb089Lh128TAcimifWaLhJwVflnrgM17wHk=
github.com/golang-jwt/jwt/v5 v5.2.1/go.mod h1:pqrtFR0X4osieyHYxtXqJsaWWmCCr8vn7/GkF1DvzI=
github.com/lib/pq v1.10.9 h1:YXG7RB+JIjhP29X+OtkiDnYaXQsRKxp7/dAV7MT5c0=
github.com/lib/pq v1.10.9/go.mod h1:AlVSvNrVrDOtavLlLKWaxamqZcJQlZCfEKkQ8O5H0I=
